{
  "version": 4,
  "terraform_version": "1.10.5",
  "serial": 2072,
  "lineage": "ff5cb3a0-d4c4-e59c-5eec-14d5ca9040fe",
  "outputs": {},
  "resources": [
    {
      "module": "module.rds-aurora-cluster",
      "mode": "managed",
      "type": "aws_db_subnet_group",
      "name": "rds_subnet_group",
      "provider": "provider[\"registry.terraform.io/hashicorp/aws\"]",
      "instances": [
        {
          "schema_version": 0,
          "attributes": {
            "arn": "arn:aws:rds:us-east-1:277707125207:subgrp:rds-subnet-group",
            "description": "Managed by Terraform",
            "id": "rds-subnet-group",
            "name": "rds-subnet-group",
            "name_prefix": "",
            "subnet_ids": [
              "subnet-0354360e493be940b",
              "subnet-08e53311202eb4869",
              "subnet-0af93e7ad75031a18"
            ],
            "supported_network_types": [
              "IPV4"
            ],
            "tags": {
              "Name": "rds-subnet-group"
            },
            "tags_all": {
              "Name": "rds-subnet-group"
            },
            "vpc_id": "vpc-050fa922a34dd0d32"
          },
          "sensitive_attributes": [],
          "private": "bnVsbA==",
          "dependencies": [
            "module.vpc.aws_eip.nat",
            "module.vpc.aws_internet_gateway.igw",
            "module.vpc.aws_nat_gateway.nat",
            "module.vpc.aws_security_group.app",
            "module.vpc.aws_security_group.bastion",
            "module.vpc.aws_security_group.database",
            "module.vpc.aws_security_group.web",
            "module.vpc.aws_subnet.private",
            "module.vpc.aws_subnet.public",
            "module.vpc.aws_vpc.main"
          ]
        }
      ]
    },
    {
      "module": "module.vpc",
      "mode": "managed",
      "type": "aws_internet_gateway",
      "name": "igw",
      "provider": "provider[\"registry.terraform.io/hashicorp/aws\"]",
      "instances": [
        {
          "schema_version": 0,
          "attributes": {
            "arn": "arn:aws:ec2:us-east-1:277707125207:internet-gateway/igw-098d174409c50f9a9",
            "id": "igw-098d174409c50f9a9",
            "owner_id": "277707125207",
            "tags": {
              "Name": "kezie-lab-vpc-igw"
            },
            "tags_all": {
              "Name": "kezie-lab-vpc-igw"
            },
            "timeouts": null,
            "vpc_id": "vpc-050fa922a34dd0d32"
          },
          "sensitive_attributes": [],
          "private": "eyJlMmJmYjczMC1lY2FhLTExZTYtOGY4OC0zNDM2M2JjN2M0YzAiOnsiY3JlYXRlIjoxMjAwMDAwMDAwMDAwLCJkZWxldGUiOjEyMDAwMDAwMDAwMDAsInVwZGF0ZSI6MTIwMDAwMDAwMDAwMH19",
          "dependencies": [
            "module.vpc.aws_vpc.main"
          ]
        }
      ]
    },
    {
      "module": "module.vpc",
      "mode": "managed",
      "type": "aws_security_group",
      "name": "app",
      "provider": "provider[\"registry.terraform.io/hashicorp/aws\"]",
      "instances": [
        {
          "schema_version": 1,
          "attributes": {
            "arn": "arn:aws:ec2:us-east-1:277707125207:security-group/sg-095ea4f588e5fb903",
            "description": "Allow traffic from web servers",
            "egress": [
              {
                "cidr_blocks": [
                  "0.0.0.0/0"
                ],
                "description": "",
                "from_port": 0,
                "ipv6_cidr_blocks": [],
                "prefix_list_ids": [],
                "protocol": "-1",
                "security_groups": [],
                "self": false,
                "to_port": 0
              }
            ],
            "id": "sg-095ea4f588e5fb903",
            "ingress": [
              {
                "cidr_blocks": [],
                "description": "",
                "from_port": 8080,
                "ipv6_cidr_blocks": [],
                "prefix_list_ids": [],
                "protocol": "tcp",
                "security_groups": [
                  "sg-03378ce0bfb72534b"
                ],
                "self": false,
                "to_port": 8080
              }
            ],
            "name": "kezie-lab-vpc-app-sg",
            "name_prefix": "",
            "owner_id": "277707125207",
            "revoke_rules_on_delete": false,
            "tags": {
              "Name": "kezie-lab-vpc-app-sg"
            },
            "tags_all": {
              "Name": "kezie-lab-vpc-app-sg"
            },
            "timeouts": null,
            "vpc_id": "vpc-050fa922a34dd0d32"
          },
          "sensitive_attributes": [],
          "private": "eyJlMmJmYjczMC1lY2FhLTExZTYtOGY4OC0zNDM2M2JjN2M0YzAiOnsiY3JlYXRlIjo2MDAwMDAwMDAwMDAsImRlbGV0ZSI6OTAwMDAwMDAwMDAwfSwic2NoZW1hX3ZlcnNpb24iOiIxIn0=",
          "dependencies": [
            "module.vpc.aws_security_group.web",
            "module.vpc.aws_vpc.main"
          ]
        }
      ]
    },
    {
      "module": "module.vpc",
      "mode": "managed",
      "type": "aws_security_group",
      "name": "bastion",
      "provider": "provider[\"registry.terraform.io/hashicorp/aws\"]",
      "instances": [
        {
          "schema_version": 1,
          "attributes": {
            "arn": "arn:aws:ec2:us-east-1:277707125207:security-group/sg-01f1bfba019b24829",
            "description": "Allow SSH access",
            "egress": [
              {
                "cidr_blocks": [
                  "0.0.0.0/0"
                ],
                "description": "",
                "from_port": 0,
                "ipv6_cidr_blocks": [],
                "prefix_list_ids": [],
                "protocol": "-1",
                "security_groups": [],
                "self": false,
                "to_port": 0
              }
            ],
            "id": "sg-01f1bfba019b24829",
            "ingress": [
              {
                "cidr_blocks": [
                  "0.0.0.0/0"
                ],
                "description": "",
                "from_port": 22,
                "ipv6_cidr_blocks": [],
                "prefix_list_ids": [],
                "protocol": "tcp",
                "security_groups": [],
                "self": false,
                "to_port": 22
              }
            ],
            "name": "kezie-lab-vpc-bastion-sg",
            "name_prefix": "",
            "owner_id": "277707125207",
            "revoke_rules_on_delete": false,
            "tags": {
              "Name": "kezie-lab-vpc-bastion-sg"
            },
            "tags_all": {
              "Name": "kezie-lab-vpc-bastion-sg"
            },
            "timeouts": null,
            "vpc_id": "vpc-050fa922a34dd0d32"
          },
          "sensitive_attributes": [],
          "private": "eyJlMmJmYjczMC1lY2FhLTExZTYtOGY4OC0zNDM2M2JjN2M0YzAiOnsiY3JlYXRlIjo2MDAwMDAwMDAwMDAsImRlbGV0ZSI6OTAwMDAwMDAwMDAwfSwic2NoZW1hX3ZlcnNpb24iOiIxIn0=",
          "dependencies": [
            "module.vpc.aws_vpc.main"
          ]
        }
      ]
    },
    {
      "module": "module.vpc",
      "mode": "managed",
      "type": "aws_security_group",
      "name": "database",
      "provider": "provider[\"registry.terraform.io/hashicorp/aws\"]",
      "instances": [
        {
          "schema_version": 1,
          "attributes": {
            "arn": "arn:aws:ec2:us-east-1:277707125207:security-group/sg-0af00aa22fc1b8115",
            "description": "Allow PostgreSQL access from app servers and bastion",
            "egress": [
              {
                "cidr_blocks": [
                  "0.0.0.0/0"
                ],
                "description": "",
                "from_port": 0,
                "ipv6_cidr_blocks": [],
                "prefix_list_ids": [],
                "protocol": "-1",
                "security_groups": [],
                "self": false,
                "to_port": 0
              }
            ],
            "id": "sg-0af00aa22fc1b8115",
            "ingress": [
              {
                "cidr_blocks": [],
                "description": "",
                "from_port": 5432,
                "ipv6_cidr_blocks": [],
                "prefix_list_ids": [],
                "protocol": "tcp",
                "security_groups": [
                  "sg-01f1bfba019b24829"
                ],
                "self": false,
                "to_port": 5432
              },
              {
                "cidr_blocks": [],
                "description": "",
                "from_port": 5432,
                "ipv6_cidr_blocks": [],
                "prefix_list_ids": [],
                "protocol": "tcp",
                "security_groups": [
                  "sg-095ea4f588e5fb903"
                ],
                "self": false,
                "to_port": 5432
              }
            ],
            "name": "kezie-lab-vpc-database-sg",
            "name_prefix": "",
            "owner_id": "277707125207",
            "revoke_rules_on_delete": false,
            "tags": {
              "Name": "kezie-lab-vpc-database-sg"
            },
            "tags_all": {
              "Name": "kezie-lab-vpc-database-sg"
            },
            "timeouts": null,
            "vpc_id": "vpc-050fa922a34dd0d32"
          },
          "sensitive_attributes": [],
          "private": "eyJlMmJmYjczMC1lY2FhLTExZTYtOGY4OC0zNDM2M2JjN2M0YzAiOnsiY3JlYXRlIjo2MDAwMDAwMDAwMDAsImRlbGV0ZSI6OTAwMDAwMDAwMDAwfSwic2NoZW1hX3ZlcnNpb24iOiIxIn0=",
          "dependencies": [
            "module.vpc.aws_security_group.app",
            "module.vpc.aws_security_group.bastion",
            "module.vpc.aws_security_group.web",
            "module.vpc.aws_vpc.main"
          ]
        }
      ]
    },
    {
      "module": "module.vpc",
      "mode": "managed",
      "type": "aws_security_group",
      "name": "web",
      "provider": "provider[\"registry.terraform.io/hashicorp/aws\"]",
      "instances": [
        {
          "schema_version": 1,
          "attributes": {
            "arn": "arn:aws:ec2:us-east-1:277707125207:security-group/sg-03378ce0bfb72534b",
            "description": "Allow HTTP and HTTPS traffic",
            "egress": [
              {
                "cidr_blocks": [
                  "0.0.0.0/0"
                ],
                "description": "",
                "from_port": 0,
                "ipv6_cidr_blocks": [],
                "prefix_list_ids": [],
                "protocol": "-1",
                "security_groups": [],
                "self": false,
                "to_port": 0
              }
            ],
            "id": "sg-03378ce0bfb72534b",
            "ingress": [
              {
                "cidr_blocks": [
                  "0.0.0.0/0"
                ],
                "description": "",
                "from_port": 443,
                "ipv6_cidr_blocks": [],
                "prefix_list_ids": [],
                "protocol": "tcp",
                "security_groups": [],
                "self": false,
                "to_port": 443
              },
              {
                "cidr_blocks": [
                  "0.0.0.0/0"
                ],
                "description": "",
                "from_port": 80,
                "ipv6_cidr_blocks": [],
                "prefix_list_ids": [],
                "protocol": "tcp",
                "security_groups": [],
                "self": false,
                "to_port": 80
              }
            ],
            "name": "kezie-lab-vpc-web-sg",
            "name_prefix": "",
            "owner_id": "277707125207",
            "revoke_rules_on_delete": false,
            "tags": {
              "Name": "kezie-lab-vpc-web-sg"
            },
            "tags_all": {
              "Name": "kezie-lab-vpc-web-sg"
            },
            "timeouts": null,
            "vpc_id": "vpc-050fa922a34dd0d32"
          },
          "sensitive_attributes": [],
          "private": "eyJlMmJmYjczMC1lY2FhLTExZTYtOGY4OC0zNDM2M2JjN2M0YzAiOnsiY3JlYXRlIjo2MDAwMDAwMDAwMDAsImRlbGV0ZSI6OTAwMDAwMDAwMDAwfSwic2NoZW1hX3ZlcnNpb24iOiIxIn0=",
          "dependencies": [
            "module.vpc.aws_vpc.main"
          ]
        }
      ]
    },
    {
      "module": "module.vpc",
      "mode": "managed",
      "type": "aws_subnet",
      "name": "private",
      "provider": "provider[\"registry.terraform.io/hashicorp/aws\"]",
      "instances": [
        {
          "index_key": 0,
          "schema_version": 1,
          "attributes": {
            "arn": "arn:aws:ec2:us-east-1:277707125207:subnet/subnet-08e53311202eb4869",
            "assign_ipv6_address_on_creation": false,
            "availability_zone": "us-east-1a",
            "availability_zone_id": "use1-az2",
            "cidr_block": "10.0.1.0/24",
            "customer_owned_ipv4_pool": "",
            "enable_dns64": false,
            "enable_lni_at_device_index": 0,
            "enable_resource_name_dns_a_record_on_launch": false,
            "enable_resource_name_dns_aaaa_record_on_launch": false,
            "id": "subnet-08e53311202eb4869",
            "ipv6_cidr_block": "",
            "ipv6_cidr_block_association_id": "",
            "ipv6_native": false,
            "map_customer_owned_ip_on_launch": false,
            "map_public_ip_on_launch": false,
            "outpost_arn": "",
            "owner_id": "277707125207",
            "private_dns_hostname_type_on_launch": "ip-name",
            "tags": {
              "Name": "kezie-lab-vpc-private-0"
            },
            "tags_all": {
              "Name": "kezie-lab-vpc-private-0"
            },
            "timeouts": null,
            "vpc_id": "vpc-050fa922a34dd0d32"
          },
          "sensitive_attributes": [],
          "private": "eyJlMmJmYjczMC1lY2FhLTExZTYtOGY4OC0zNDM2M2JjN2M0YzAiOnsiY3JlYXRlIjo2MDAwMDAwMDAwMDAsImRlbGV0ZSI6MTIwMDAwMDAwMDAwMH0sInNjaGVtYV92ZXJzaW9uIjoiMSJ9",
          "dependencies": [
            "module.vpc.aws_vpc.main"
          ]
        },
        {
          "index_key": 1,
          "schema_version": 1,
          "attributes": {
            "arn": "arn:aws:ec2:us-east-1:277707125207:subnet/subnet-0354360e493be940b",
            "assign_ipv6_address_on_creation": false,
            "availability_zone": "us-east-1b",
            "availability_zone_id": "use1-az4",
            "cidr_block": "10.0.2.0/24",
            "customer_owned_ipv4_pool": "",
            "enable_dns64": false,
            "enable_lni_at_device_index": 0,
            "enable_resource_name_dns_a_record_on_launch": false,
            "enable_resource_name_dns_aaaa_record_on_launch": false,
            "id": "subnet-0354360e493be940b",
            "ipv6_cidr_block": "",
            "ipv6_cidr_block_association_id": "",
            "ipv6_native": false,
            "map_customer_owned_ip_on_launch": false,
            "map_public_ip_on_launch": false,
            "outpost_arn": "",
            "owner_id": "277707125207",
            "private_dns_hostname_type_on_launch": "ip-name",
            "tags": {
              "Name": "kezie-lab-vpc-private-1"
            },
            "tags_all": {
              "Name": "kezie-lab-vpc-private-1"
            },
            "timeouts": null,
            "vpc_id": "vpc-050fa922a34dd0d32"
          },
          "sensitive_attributes": [],
          "private": "eyJlMmJmYjczMC1lY2FhLTExZTYtOGY4OC0zNDM2M2JjN2M0YzAiOnsiY3JlYXRlIjo2MDAwMDAwMDAwMDAsImRlbGV0ZSI6MTIwMDAwMDAwMDAwMH0sInNjaGVtYV92ZXJzaW9uIjoiMSJ9",
          "dependencies": [
            "module.vpc.aws_vpc.main"
          ]
        },
        {
          "index_key": 2,
          "schema_version": 1,
          "attributes": {
            "arn": "arn:aws:ec2:us-east-1:277707125207:subnet/subnet-0af93e7ad75031a18",
            "assign_ipv6_address_on_creation": false,
            "availability_zone": "us-east-1c",
            "availability_zone_id": "use1-az6",
            "cidr_block": "10.0.3.0/24",
            "customer_owned_ipv4_pool": "",
            "enable_dns64": false,
            "enable_lni_at_device_index": 0,
            "enable_resource_name_dns_a_record_on_launch": false,
            "enable_resource_name_dns_aaaa_record_on_launch": false,
            "id": "subnet-0af93e7ad75031a18",
            "ipv6_cidr_block": "",
            "ipv6_cidr_block_association_id": "",
            "ipv6_native": false,
            "map_customer_owned_ip_on_launch": false,
            "map_public_ip_on_launch": false,
            "outpost_arn": "",
            "owner_id": "277707125207",
            "private_dns_hostname_type_on_launch": "ip-name",
            "tags": {
              "Name": "kezie-lab-vpc-private-2"
            },
            "tags_all": {
              "Name": "kezie-lab-vpc-private-2"
            },
            "timeouts": null,
            "vpc_id": "vpc-050fa922a34dd0d32"
          },
          "sensitive_attributes": [],
          "private": "eyJlMmJmYjczMC1lY2FhLTExZTYtOGY4OC0zNDM2M2JjN2M0YzAiOnsiY3JlYXRlIjo2MDAwMDAwMDAwMDAsImRlbGV0ZSI6MTIwMDAwMDAwMDAwMH0sInNjaGVtYV92ZXJzaW9uIjoiMSJ9",
          "dependencies": [
            "module.vpc.aws_vpc.main"
          ]
        }
      ]
    },
    {
      "module": "module.vpc",
      "mode": "managed",
      "type": "aws_subnet",
      "name": "public",
      "provider": "provider[\"registry.terraform.io/hashicorp/aws\"]",
      "instances": [
        {
          "index_key": 0,
          "schema_version": 1,
          "attributes": {
            "arn": "arn:aws:ec2:us-east-1:277707125207:subnet/subnet-01edad15d908b75f4",
            "assign_ipv6_address_on_creation": false,
            "availability_zone": "us-east-1a",
            "availability_zone_id": "use1-az2",
            "cidr_block": "10.0.4.0/24",
            "customer_owned_ipv4_pool": "",
            "enable_dns64": false,
            "enable_lni_at_device_index": 0,
            "enable_resource_name_dns_a_record_on_launch": false,
            "enable_resource_name_dns_aaaa_record_on_launch": false,
            "id": "subnet-01edad15d908b75f4",
            "ipv6_cidr_block": "",
            "ipv6_cidr_block_association_id": "",
            "ipv6_native": false,
            "map_customer_owned_ip_on_launch": false,
            "map_public_ip_on_launch": true,
            "outpost_arn": "",
            "owner_id": "277707125207",
            "private_dns_hostname_type_on_launch": "ip-name",
            "tags": {
              "Name": "kezie-lab-vpc-public-0"
            },
            "tags_all": {
              "Name": "kezie-lab-vpc-public-0"
            },
            "timeouts": null,
            "vpc_id": "vpc-050fa922a34dd0d32"
          },
          "sensitive_attributes": [],
          "private": "eyJlMmJmYjczMC1lY2FhLTExZTYtOGY4OC0zNDM2M2JjN2M0YzAiOnsiY3JlYXRlIjo2MDAwMDAwMDAwMDAsImRlbGV0ZSI6MTIwMDAwMDAwMDAwMH0sInNjaGVtYV92ZXJzaW9uIjoiMSJ9",
          "dependencies": [
            "module.vpc.aws_vpc.main"
          ]
        },
        {
          "index_key": 1,
          "schema_version": 1,
          "attributes": {
            "arn": "arn:aws:ec2:us-east-1:277707125207:subnet/subnet-07a807ac7fd9ca71e",
            "assign_ipv6_address_on_creation": false,
            "availability_zone": "us-east-1b",
            "availability_zone_id": "use1-az4",
            "cidr_block": "10.0.5.0/24",
            "customer_owned_ipv4_pool": "",
            "enable_dns64": false,
            "enable_lni_at_device_index": 0,
            "enable_resource_name_dns_a_record_on_launch": false,
            "enable_resource_name_dns_aaaa_record_on_launch": false,
            "id": "subnet-07a807ac7fd9ca71e",
            "ipv6_cidr_block": "",
            "ipv6_cidr_block_association_id": "",
            "ipv6_native": false,
            "map_customer_owned_ip_on_launch": false,
            "map_public_ip_on_launch": true,
            "outpost_arn": "",
            "owner_id": "277707125207",
            "private_dns_hostname_type_on_launch": "ip-name",
            "tags": {
              "Name": "kezie-lab-vpc-public-1"
            },
            "tags_all": {
              "Name": "kezie-lab-vpc-public-1"
            },
            "timeouts": null,
            "vpc_id": "vpc-050fa922a34dd0d32"
          },
          "sensitive_attributes": [],
          "private": "eyJlMmJmYjczMC1lY2FhLTExZTYtOGY4OC0zNDM2M2JjN2M0YzAiOnsiY3JlYXRlIjo2MDAwMDAwMDAwMDAsImRlbGV0ZSI6MTIwMDAwMDAwMDAwMH0sInNjaGVtYV92ZXJzaW9uIjoiMSJ9",
          "dependencies": [
            "module.vpc.aws_vpc.main"
          ]
        },
        {
          "index_key": 2,
          "schema_version": 1,
          "attributes": {
            "arn": "arn:aws:ec2:us-east-1:277707125207:subnet/subnet-083c2aaf0e101983a",
            "assign_ipv6_address_on_creation": false,
            "availability_zone": "us-east-1c",
            "availability_zone_id": "use1-az6",
            "cidr_block": "10.0.6.0/24",
            "customer_owned_ipv4_pool": "",
            "enable_dns64": false,
            "enable_lni_at_device_index": 0,
            "enable_resource_name_dns_a_record_on_launch": false,
            "enable_resource_name_dns_aaaa_record_on_launch": false,
            "id": "subnet-083c2aaf0e101983a",
            "ipv6_cidr_block": "",
            "ipv6_cidr_block_association_id": "",
            "ipv6_native": false,
            "map_customer_owned_ip_on_launch": false,
            "map_public_ip_on_launch": true,
            "outpost_arn": "",
            "owner_id": "277707125207",
            "private_dns_hostname_type_on_launch": "ip-name",
            "tags": {
              "Name": "kezie-lab-vpc-public-2"
            },
            "tags_all": {
              "Name": "kezie-lab-vpc-public-2"
            },
            "timeouts": null,
            "vpc_id": "vpc-050fa922a34dd0d32"
          },
          "sensitive_attributes": [],
          "private": "eyJlMmJmYjczMC1lY2FhLTExZTYtOGY4OC0zNDM2M2JjN2M0YzAiOnsiY3JlYXRlIjo2MDAwMDAwMDAwMDAsImRlbGV0ZSI6MTIwMDAwMDAwMDAwMH0sInNjaGVtYV92ZXJzaW9uIjoiMSJ9",
          "dependencies": [
            "module.vpc.aws_vpc.main"
          ]
        }
      ]
    },
    {
      "module": "module.vpc",
      "mode": "managed",
      "type": "aws_vpc",
      "name": "main",
      "provider": "provider[\"registry.terraform.io/hashicorp/aws\"]",
      "instances": [
        {
          "schema_version": 1,
          "attributes": {
            "arn": "arn:aws:ec2:us-east-1:277707125207:vpc/vpc-050fa922a34dd0d32",
            "assign_generated_ipv6_cidr_block": false,
            "cidr_block": "10.0.0.0/16",
            "default_network_acl_id": "acl-027a6b3986875dd66",
            "default_route_table_id": "rtb-0b503a8c17c259a8c",
            "default_security_group_id": "sg-0bbc2e2e8cb71c4f5",
            "dhcp_options_id": "dopt-05986241128535e57",
            "enable_dns_hostnames": true,
            "enable_dns_support": true,
            "enable_network_address_usage_metrics": false,
            "id": "vpc-050fa922a34dd0d32",
            "instance_tenancy": "default",
            "ipv4_ipam_pool_id": null,
            "ipv4_netmask_length": null,
            "ipv6_association_id": "",
            "ipv6_cidr_block": "",
            "ipv6_cidr_block_network_border_group": "",
            "ipv6_ipam_pool_id": "",
            "ipv6_netmask_length": 0,
            "main_route_table_id": "rtb-0b503a8c17c259a8c",
            "owner_id": "277707125207",
            "tags": {
              "Name": "kezie-lab-vpc"
            },
            "tags_all": {
              "Name": "kezie-lab-vpc"
            }
          },
          "sensitive_attributes": [],
          "private": "eyJzY2hlbWFfdmVyc2lvbiI6IjEifQ=="
        }
      ]
    }
  ],
  "check_results": [
    {
      "object_kind": "var",
      "config_addr": "module.vpc.var.private_subnets",
      "status": "unknown",
      "objects": null
    },
    {
      "object_kind": "var",
      "config_addr": "module.vpc.var.public_subnets",
      "status": "unknown",
      "objects": null
    },
    {
      "object_kind": "var",
      "config_addr": "var.public_subnets",
      "status": "unknown",
      "objects": null
    },
    {
      "object_kind": "var",
      "config_addr": "var.private_subnets",
      "status": "unknown",
      "objects": null
    },
    {
      "object_kind": "var",
      "config_addr": "module.rds-aurora-cluster.var.rds_deployment_type",
      "status": "unknown",
      "objects": null
    },
    {
      "object_kind": "resource",
      "config_addr": "module.vpc.aws_vpc.main",
      "status": "unknown",
      "objects": null
    }
  ]
}
